// !$*UTF8*$!
{
	archiveVersion = 1;
	classes = {
	};
	objectVersion = 52;
	objects = {

/* Begin PBXBuildFile section */
		4FB4AF0F26AF053A0056659F /* MarketingCloudSDKURLHandlingDelegate.swift in Sources */ = {isa = PBXBuildFile; fileRef = 4FB4AF0E26AF053A0056659F /* MarketingCloudSDKURLHandlingDelegate.swift */; };
		4FF2C77426B05F3F00A998AE /* MarketingCloudSDK.xcframework in Frameworks */ = {isa = PBXBuildFile; fileRef = 4FF2C77326B05F3F00A998AE /* MarketingCloudSDK.xcframework */; };
		4FF2C77526B05F3F00A998AE /* MarketingCloudSDK.xcframework in Embed Frameworks */ = {isa = PBXBuildFile; fileRef = 4FF2C77326B05F3F00A998AE /* MarketingCloudSDK.xcframework */; settings = {ATTRIBUTES = (CodeSignOnCopy, RemoveHeadersOnCopy, ); }; };
		4FF2C77726B0605200A998AE /* MarketingCloudSDK.bundle in Resources */ = {isa = PBXBuildFile; fileRef = 4FF2C77626B0605200A998AE /* MarketingCloudSDK.bundle */; };
		4FF2C79E26B19D4100A998AE /* OAuth2.framework in Frameworks */ = {isa = PBXBuildFile; fileRef = 4FF2C79726B19D1700A998AE /* OAuth2.framework */; };
		4FF2C79F26B19D5B00A998AE /* OAuth2.framework in Embed Frameworks */ = {isa = PBXBuildFile; fileRef = 4FF2C79726B19D1700A998AE /* OAuth2.framework */; settings = {ATTRIBUTES = (CodeSignOnCopy, RemoveHeadersOnCopy, ); }; };
		A20DDE7023EAD6D300124E56 /* LocationTableViewContoller.swift in Sources */ = {isa = PBXBuildFile; fileRef = A20DDE6F23EAD6D300124E56 /* LocationTableViewContoller.swift */; };
		A20DDE7323EAF66D00124E56 /* MapViewController.swift in Sources */ = {isa = PBXBuildFile; fileRef = A20DDE7223EAF66D00124E56 /* MapViewController.swift */; };
		A20DDE7823EAFB9E00124E56 /* DataLocation.swift in Sources */ = {isa = PBXBuildFile; fileRef = A20DDE7723EAFB9E00124E56 /* DataLocation.swift */; };
		A2140412241955A900537968 /* WoosmapGeofencing.framework in Frameworks */ = {isa = PBXBuildFile; fileRef = A2AC8526240E6C9B00C65900 /* WoosmapGeofencing.framework */; };
		A2140413241955A900537968 /* WoosmapGeofencing.framework in Embed Frameworks */ = {isa = PBXBuildFile; fileRef = A2AC8526240E6C9B00C65900 /* WoosmapGeofencing.framework */; settings = {ATTRIBUTES = (CodeSignOnCopy, RemoveHeadersOnCopy, ); }; };
		A216FB8C23E9CE720003AAC8 /* AppDelegate.swift in Sources */ = {isa = PBXBuildFile; fileRef = A216FB8B23E9CE720003AAC8 /* AppDelegate.swift */; };
		A216FB9223E9CE760003AAC8 /* Assets.xcassets in Resources */ = {isa = PBXBuildFile; fileRef = A216FB9123E9CE760003AAC8 /* Assets.xcassets */; };
		A216FB9523E9CE760003AAC8 /* Preview Assets.xcassets in Resources */ = {isa = PBXBuildFile; fileRef = A216FB9423E9CE760003AAC8 /* Preview Assets.xcassets */; };
		A216FB9823E9CE760003AAC8 /* LaunchScreen.storyboard in Resources */ = {isa = PBXBuildFile; fileRef = A216FB9623E9CE760003AAC8 /* LaunchScreen.storyboard */; };
		A218C85F24B716E5006086B5 /* Visit_qualif.csv in Resources */ = {isa = PBXBuildFile; fileRef = A218C85E24B716E5006086B5 /* Visit_qualif.csv */; };
		A21DC0C4248FF50000E45471 /* MockDataVisit.swift in Sources */ = {isa = PBXBuildFile; fileRef = A21DC0C3248FF50000E45471 /* MockDataVisit.swift */; };
		A2245470247D578600A0B8B0 /* DataZOI.swift in Sources */ = {isa = PBXBuildFile; fileRef = A224546F247D578600A0B8B0 /* DataZOI.swift */; };
		A235A0B2242A570300B51E1F /* Settings.swift in Sources */ = {isa = PBXBuildFile; fileRef = A235A0B1242A570300B51E1F /* Settings.swift */; };
		A235A0B3242A570C00B51E1F /* Settings.swift in Sources */ = {isa = PBXBuildFile; fileRef = A235A0B1242A570300B51E1F /* Settings.swift */; };
		A238041C23EC6A95002F53F2 /* DataPOI.swift in Sources */ = {isa = PBXBuildFile; fileRef = A238041B23EC6A95002F53F2 /* DataPOI.swift */; };
		A239056025791D87001B3754 /* DataRegion.swift in Sources */ = {isa = PBXBuildFile; fileRef = A239055F25791D87001B3754 /* DataRegion.swift */; };
		A2710F0B25B5CF2F00AF62F5 /* WoosmapGeofencing.framework in Frameworks */ = {isa = PBXBuildFile; fileRef = A2AC8526240E6C9B00C65900 /* WoosmapGeofencing.framework */; };
		A273027E23EB0BB00042FC5A /* Extension.swift in Sources */ = {isa = PBXBuildFile; fileRef = A273027D23EB0BB00042FC5A /* Extension.swift */; };
		A27D4422250A28770043B676 /* Locations.csv in Resources */ = {isa = PBXBuildFile; fileRef = A27D4421250A28770043B676 /* Locations.csv */; };
		A29D6F9D25EFF88600F95790 /* AirshipEvents.swift in Sources */ = {isa = PBXBuildFile; fileRef = A29D6F9C25EFF88600F95790 /* AirshipEvents.swift */; };
		A2A3222A242911F900C98018 /* TokenIdViewController.swift in Sources */ = {isa = PBXBuildFile; fileRef = A2A32229242911F900C98018 /* TokenIdViewController.swift */; };
		A2AC8537240E743800C65900 /* NotificationService.swift in Sources */ = {isa = PBXBuildFile; fileRef = A2AC8536240E743800C65900 /* NotificationService.swift */; };
		A2AC853B240E743800C65900 /* NotificationService.appex in Embed App Extensions */ = {isa = PBXBuildFile; fileRef = A2AC8534240E743800C65900 /* NotificationService.appex */; settings = {ATTRIBUTES = (RemoveHeadersOnCopy, ); }; };
		A2B5187E2554655C003B7C19 /* DataDistance.swift in Sources */ = {isa = PBXBuildFile; fileRef = A2B5187D2554655C003B7C19 /* DataDistance.swift */; };
		A2B6E7E424192536006C4F19 /* DataVisit.swift in Sources */ = {isa = PBXBuildFile; fileRef = A2B6E7E324192536006C4F19 /* DataVisit.swift */; };
		A2F095A223EAD36B007A5419 /* Main.storyboard in Resources */ = {isa = PBXBuildFile; fileRef = A2F095A023EAD36B007A5419 /* Main.storyboard */; };
/* End PBXBuildFile section */

/* Begin PBXContainerItemProxy section */
		4FF2C79426B19D1700A998AE /* PBXContainerItemProxy */ = {
			isa = PBXContainerItemProxy;
			containerPortal = 4FF2C78D26B19D1700A998AE /* OAuth2.xcodeproj */;
			proxyType = 2;
			remoteGlobalIDString = EEE209471942772800736F1A;
			remoteInfo = OAuth2macOS;
		};
		4FF2C79626B19D1700A998AE /* PBXContainerItemProxy */ = {
			isa = PBXContainerItemProxy;
			containerPortal = 4FF2C78D26B19D1700A998AE /* OAuth2.xcodeproj */;
			proxyType = 2;
			remoteGlobalIDString = EEDB8624193FAAE500C4EEA1;
			remoteInfo = OAuth2iOS;
		};
		4FF2C79826B19D1700A998AE /* PBXContainerItemProxy */ = {
			isa = PBXContainerItemProxy;
			containerPortal = 4FF2C78D26B19D1700A998AE /* OAuth2.xcodeproj */;
			proxyType = 2;
			remoteGlobalIDString = 659854461C5B3BEA00237D39;
			remoteInfo = OAuth2tvOS;
		};
		4FF2C79A26B19D1700A998AE /* PBXContainerItemProxy */ = {
			isa = PBXContainerItemProxy;
			containerPortal = 4FF2C78D26B19D1700A998AE /* OAuth2.xcodeproj */;
			proxyType = 2;
			remoteGlobalIDString = EEE209A219427DFE00736F1A;
			remoteInfo = OAuth2Tests;
		};
		4FF2C79C26B19D3A00A998AE /* PBXContainerItemProxy */ = {
			isa = PBXContainerItemProxy;
			containerPortal = 4FF2C78D26B19D1700A998AE /* OAuth2.xcodeproj */;
			proxyType = 1;
			remoteGlobalIDString = EEDB8623193FAAE500C4EEA1;
			remoteInfo = OAuth2iOS;
		};
		A262B9E024E29FB100EB621F /* PBXContainerItemProxy */ = {
			isa = PBXContainerItemProxy;
			containerPortal = A216FBB423E9CEA70003AAC8 /* WoosmapGeofencing.xcodeproj */;
			proxyType = 2;
			remoteGlobalIDString = A2C57C4824D95F7A00E5A080;
			remoteInfo = WoosmapGeofencingTests;
		};
		A2777915250FA3B900068AEA /* PBXContainerItemProxy */ = {
			isa = PBXContainerItemProxy;
			containerPortal = A216FB8023E9CE720003AAC8 /* Project object */;
			proxyType = 1;
			remoteGlobalIDString = A216FB8723E9CE720003AAC8;
			remoteInfo = Sample;
		};
		A277BD5F242A27420098F01A /* PBXContainerItemProxy */ = {
			isa = PBXContainerItemProxy;
			containerPortal = A216FBB423E9CEA70003AAC8 /* WoosmapGeofencing.xcodeproj */;
			proxyType = 1;
			remoteGlobalIDString = A216FBA823E9CEA70003AAC8;
			remoteInfo = WoosmapGeofencing;
		};
		A277BD61242A27AB0098F01A /* PBXContainerItemProxy */ = {
			isa = PBXContainerItemProxy;
			containerPortal = A216FBB423E9CEA70003AAC8 /* WoosmapGeofencing.xcodeproj */;
			proxyType = 1;
			remoteGlobalIDString = A216FBA823E9CEA70003AAC8;
			remoteInfo = WoosmapGeofencing;
		};
		A2AC8525240E6C9B00C65900 /* PBXContainerItemProxy */ = {
			isa = PBXContainerItemProxy;
			containerPortal = A216FBB423E9CEA70003AAC8 /* WoosmapGeofencing.xcodeproj */;
			proxyType = 2;
			remoteGlobalIDString = A216FBA923E9CEA70003AAC8;
			remoteInfo = WoosmapGeofencing;
		};
		A2AC8539240E743800C65900 /* PBXContainerItemProxy */ = {
			isa = PBXContainerItemProxy;
			containerPortal = A216FB8023E9CE720003AAC8 /* Project object */;
			proxyType = 1;
			remoteGlobalIDString = A2AC8533240E743800C65900;
			remoteInfo = NotificationService;
		};
/* End PBXContainerItemProxy section */

/* Begin PBXCopyFilesBuildPhase section */
		A2140414241955AA00537968 /* Embed Frameworks */ = {
			isa = PBXCopyFilesBuildPhase;
			buildActionMask = 2147483647;
			dstPath = "";
			dstSubfolderSpec = 10;
			files = (
				4FF2C79F26B19D5B00A998AE /* OAuth2.framework in Embed Frameworks */,
				A2140413241955A900537968 /* WoosmapGeofencing.framework in Embed Frameworks */,
				4FF2C77526B05F3F00A998AE /* MarketingCloudSDK.xcframework in Embed Frameworks */,
			);
			name = "Embed Frameworks";
			runOnlyForDeploymentPostprocessing = 0;
		};
		A2AC853F240E743800C65900 /* Embed App Extensions */ = {
			isa = PBXCopyFilesBuildPhase;
			buildActionMask = 2147483647;
			dstPath = "";
			dstSubfolderSpec = 13;
			files = (
				A2AC853B240E743800C65900 /* NotificationService.appex in Embed App Extensions */,
			);
			name = "Embed App Extensions";
			runOnlyForDeploymentPostprocessing = 0;
		};
/* End PBXCopyFilesBuildPhase section */

/* Begin PBXFileReference section */
		4FB4AF0926AF018F0056659F /* MarketingCloudSDK */ = {isa = PBXFileReference; lastKnownFileType = folder; name = MarketingCloudSDK; path = "../../../../Downloads/MarketingCloudSDK-iOS-master/MarketingCloudSDK"; sourceTree = "<group>"; };
		4FB4AF0E26AF053A0056659F /* MarketingCloudSDKURLHandlingDelegate.swift */ = {isa = PBXFileReference; lastKnownFileType = sourcecode.swift; path = MarketingCloudSDKURLHandlingDelegate.swift; sourceTree = "<group>"; };
		4FF2C77326B05F3F00A998AE /* MarketingCloudSDK.xcframework */ = {isa = PBXFileReference; lastKnownFileType = wrapper.xcframework; path = MarketingCloudSDK.xcframework; sourceTree = "<group>"; };
		4FF2C77626B0605200A998AE /* MarketingCloudSDK.bundle */ = {isa = PBXFileReference; lastKnownFileType = "wrapper.plug-in"; path = MarketingCloudSDK.bundle; sourceTree = "<group>"; };
		4FF2C78D26B19D1700A998AE /* OAuth2.xcodeproj */ = {isa = PBXFileReference; lastKnownFileType = "wrapper.pb-project"; name = OAuth2.xcodeproj; path = OAuth2/OAuth2.xcodeproj; sourceTree = "<group>"; };
		A20DDE6F23EAD6D300124E56 /* LocationTableViewContoller.swift */ = {isa = PBXFileReference; lastKnownFileType = sourcecode.swift; path = LocationTableViewContoller.swift; sourceTree = "<group>"; };
		A20DDE7223EAF66D00124E56 /* MapViewController.swift */ = {isa = PBXFileReference; lastKnownFileType = sourcecode.swift; path = MapViewController.swift; sourceTree = "<group>"; };
		A20DDE7723EAFB9E00124E56 /* DataLocation.swift */ = {isa = PBXFileReference; lastKnownFileType = sourcecode.swift; path = DataLocation.swift; sourceTree = "<group>"; };
		A216FB8823E9CE720003AAC8 /* SampleGeofencing.app */ = {isa = PBXFileReference; explicitFileType = wrapper.application; includeInIndex = 0; path = SampleGeofencing.app; sourceTree = BUILT_PRODUCTS_DIR; };
		A216FB8B23E9CE720003AAC8 /* AppDelegate.swift */ = {isa = PBXFileReference; lastKnownFileType = sourcecode.swift; path = AppDelegate.swift; sourceTree = "<group>"; };
		A216FB9123E9CE760003AAC8 /* Assets.xcassets */ = {isa = PBXFileReference; lastKnownFileType = folder.assetcatalog; path = Assets.xcassets; sourceTree = "<group>"; };
		A216FB9423E9CE760003AAC8 /* Preview Assets.xcassets */ = {isa = PBXFileReference; lastKnownFileType = folder.assetcatalog; path = "Preview Assets.xcassets"; sourceTree = "<group>"; };
		A216FB9723E9CE760003AAC8 /* Base */ = {isa = PBXFileReference; lastKnownFileType = file.storyboard; name = Base; path = Base.lproj/LaunchScreen.storyboard; sourceTree = "<group>"; };
		A216FB9923E9CE760003AAC8 /* Info.plist */ = {isa = PBXFileReference; lastKnownFileType = text.plist.xml; path = Info.plist; sourceTree = "<group>"; };
		A216FBB423E9CEA70003AAC8 /* WoosmapGeofencing.xcodeproj */ = {isa = PBXFileReference; lastKnownFileType = "wrapper.pb-project"; name = WoosmapGeofencing.xcodeproj; path = WoosmapGeofencing/WoosmapGeofencing.xcodeproj; sourceTree = "<group>"; };
		A218C85E24B716E5006086B5 /* Visit_qualif.csv */ = {isa = PBXFileReference; lastKnownFileType = text; path = Visit_qualif.csv; sourceTree = "<group>"; };
		A21DC0C3248FF50000E45471 /* MockDataVisit.swift */ = {isa = PBXFileReference; lastKnownFileType = sourcecode.swift; path = MockDataVisit.swift; sourceTree = "<group>"; };
		A224546F247D578600A0B8B0 /* DataZOI.swift */ = {isa = PBXFileReference; lastKnownFileType = sourcecode.swift; path = DataZOI.swift; sourceTree = "<group>"; };
		A235A0B1242A570300B51E1F /* Settings.swift */ = {isa = PBXFileReference; fileEncoding = 4; lastKnownFileType = sourcecode.swift; path = Settings.swift; sourceTree = "<group>"; };
		A238041B23EC6A95002F53F2 /* DataPOI.swift */ = {isa = PBXFileReference; lastKnownFileType = sourcecode.swift; path = DataPOI.swift; sourceTree = "<group>"; };
		A239055F25791D87001B3754 /* DataRegion.swift */ = {isa = PBXFileReference; lastKnownFileType = sourcecode.swift; path = DataRegion.swift; sourceTree = "<group>"; };
		A273027D23EB0BB00042FC5A /* Extension.swift */ = {isa = PBXFileReference; lastKnownFileType = sourcecode.swift; path = Extension.swift; sourceTree = "<group>"; };
		A2777910250FA3B900068AEA /* SampleGeofencingTests.xctest */ = {isa = PBXFileReference; explicitFileType = wrapper.cfbundle; includeInIndex = 0; path = SampleGeofencingTests.xctest; sourceTree = BUILT_PRODUCTS_DIR; };
		A27D4421250A28770043B676 /* Locations.csv */ = {isa = PBXFileReference; lastKnownFileType = text; path = Locations.csv; sourceTree = "<group>"; };
		A29D6F9C25EFF88600F95790 /* AirshipEvents.swift */ = {isa = PBXFileReference; lastKnownFileType = sourcecode.swift; path = AirshipEvents.swift; sourceTree = "<group>"; };
		A2A32229242911F900C98018 /* TokenIdViewController.swift */ = {isa = PBXFileReference; lastKnownFileType = sourcecode.swift; path = TokenIdViewController.swift; sourceTree = "<group>"; };
		A2AC852F240E73FB00C65900 /* SampleGeofencing.entitlements */ = {isa = PBXFileReference; lastKnownFileType = text.plist.entitlements; path = SampleGeofencing.entitlements; sourceTree = "<group>"; };
		A2AC8534240E743800C65900 /* NotificationService.appex */ = {isa = PBXFileReference; explicitFileType = "wrapper.app-extension"; includeInIndex = 0; path = NotificationService.appex; sourceTree = BUILT_PRODUCTS_DIR; };
		A2AC8536240E743800C65900 /* NotificationService.swift */ = {isa = PBXFileReference; lastKnownFileType = sourcecode.swift; path = NotificationService.swift; sourceTree = "<group>"; };
		A2AC8538240E743800C65900 /* Info.plist */ = {isa = PBXFileReference; lastKnownFileType = text.plist.xml; path = Info.plist; sourceTree = "<group>"; };
		A2B5187D2554655C003B7C19 /* DataDistance.swift */ = {isa = PBXFileReference; lastKnownFileType = sourcecode.swift; path = DataDistance.swift; sourceTree = "<group>"; };
		A2B6E7E324192536006C4F19 /* DataVisit.swift */ = {isa = PBXFileReference; lastKnownFileType = sourcecode.swift; path = DataVisit.swift; sourceTree = "<group>"; };
		A2F095A123EAD36B007A5419 /* Base */ = {isa = PBXFileReference; lastKnownFileType = file.storyboard; name = Base; path = Base.lproj/Main.storyboard; sourceTree = "<group>"; };
/* End PBXFileReference section */

/* Begin PBXFrameworksBuildPhase section */
		A216FB8523E9CE720003AAC8 /* Frameworks */ = {
			isa = PBXFrameworksBuildPhase;
			buildActionMask = 2147483647;
			files = (
				4FF2C79E26B19D4100A998AE /* OAuth2.framework in Frameworks */,
				A2140412241955A900537968 /* WoosmapGeofencing.framework in Frameworks */,
				4FF2C77426B05F3F00A998AE /* MarketingCloudSDK.xcframework in Frameworks */,
			);
			runOnlyForDeploymentPostprocessing = 0;
		};
		A277790D250FA3B900068AEA /* Frameworks */ = {
			isa = PBXFrameworksBuildPhase;
			buildActionMask = 2147483647;
			files = (
			);
			runOnlyForDeploymentPostprocessing = 0;
		};
		A2AC8531240E743800C65900 /* Frameworks */ = {
			isa = PBXFrameworksBuildPhase;
			buildActionMask = 2147483647;
			files = (
				A2710F0B25B5CF2F00AF62F5 /* WoosmapGeofencing.framework in Frameworks */,
			);
			runOnlyForDeploymentPostprocessing = 0;
		};
/* End PBXFrameworksBuildPhase section */

/* Begin PBXGroup section */
		4FF2C78E26B19D1700A998AE /* Products */ = {
			isa = PBXGroup;
			children = (
				4FF2C79526B19D1700A998AE /* OAuth2.framework */,
				4FF2C79726B19D1700A998AE /* OAuth2.framework */,
				4FF2C79926B19D1700A998AE /* OAuth2.framework */,
				4FF2C79B26B19D1700A998AE /* OAuth2Tests.xctest */,
			);
			name = Products;
			sourceTree = "<group>";
		};
		A20DDE7623EAFB5C00124E56 /* View */ = {
			isa = PBXGroup;
			children = (
				A2F095A023EAD36B007A5419 /* Main.storyboard */,
				A216FB9623E9CE760003AAC8 /* LaunchScreen.storyboard */,
				A20DDE7223EAF66D00124E56 /* MapViewController.swift */,
				A20DDE6F23EAD6D300124E56 /* LocationTableViewContoller.swift */,
				A2A32229242911F900C98018 /* TokenIdViewController.swift */,
			);
			path = View;
			sourceTree = "<group>";
		};
		A2140410241955A900537968 /* Frameworks */ = {
			isa = PBXGroup;
			children = (
				4FF2C77326B05F3F00A998AE /* MarketingCloudSDK.xcframework */,
				4FB4AF0926AF018F0056659F /* MarketingCloudSDK */,
			);
			name = Frameworks;
			sourceTree = "<group>";
		};
		A216FB7F23E9CE720003AAC8 = {
			isa = PBXGroup;
			children = (
				4FF2C78D26B19D1700A998AE /* OAuth2.xcodeproj */,
				4FF2C77626B0605200A998AE /* MarketingCloudSDK.bundle */,
				A216FB8A23E9CE720003AAC8 /* Sample */,
				A2AC8535240E743800C65900 /* NotificationService */,
				A216FB8923E9CE720003AAC8 /* Products */,
				A216FBB423E9CEA70003AAC8 /* WoosmapGeofencing.xcodeproj */,
				A2140410241955A900537968 /* Frameworks */,
			);
			sourceTree = "<group>";
		};
		A216FB8923E9CE720003AAC8 /* Products */ = {
			isa = PBXGroup;
			children = (
				A216FB8823E9CE720003AAC8 /* SampleGeofencing.app */,
				A2AC8534240E743800C65900 /* NotificationService.appex */,
				A2777910250FA3B900068AEA /* SampleGeofencingTests.xctest */,
			);
			name = Products;
			sourceTree = "<group>";
		};
		A216FB8A23E9CE720003AAC8 /* Sample */ = {
			isa = PBXGroup;
			children = (
				A2AC852F240E73FB00C65900 /* SampleGeofencing.entitlements */,
				A22D021E23F6F5BF00B0D068 /* Data */,
				A20DDE7623EAFB5C00124E56 /* View */,
				A216FB8B23E9CE720003AAC8 /* AppDelegate.swift */,
				A235A0B1242A570300B51E1F /* Settings.swift */,
				A216FB9123E9CE760003AAC8 /* Assets.xcassets */,
				A216FB9923E9CE760003AAC8 /* Info.plist */,
				A216FB9323E9CE760003AAC8 /* Preview Content */,
				A273027D23EB0BB00042FC5A /* Extension.swift */,
			);
			path = Sample;
			sourceTree = "<group>";
		};
		A216FB9323E9CE760003AAC8 /* Preview Content */ = {
			isa = PBXGroup;
			children = (
				A216FB9423E9CE760003AAC8 /* Preview Assets.xcassets */,
			);
			path = "Preview Content";
			sourceTree = "<group>";
		};
		A22D021E23F6F5BF00B0D068 /* Data */ = {
			isa = PBXGroup;
			children = (
				A23CCD3F2510E87700D49193 /* csvImport */,
				A20DDE7723EAFB9E00124E56 /* DataLocation.swift */,
				A238041B23EC6A95002F53F2 /* DataPOI.swift */,
				A2B6E7E324192536006C4F19 /* DataVisit.swift */,
				A224546F247D578600A0B8B0 /* DataZOI.swift */,
				A2B5187D2554655C003B7C19 /* DataDistance.swift */,
				A239055F25791D87001B3754 /* DataRegion.swift */,
				A21DC0C3248FF50000E45471 /* MockDataVisit.swift */,
				A29D6F9C25EFF88600F95790 /* AirshipEvents.swift */,
				4FB4AF0E26AF053A0056659F /* MarketingCloudSDKURLHandlingDelegate.swift */,
			);
			path = Data;
			sourceTree = "<group>";
		};
		A23CCD3F2510E87700D49193 /* csvImport */ = {
			isa = PBXGroup;
			children = (
				A27D4421250A28770043B676 /* Locations.csv */,
				A218C85E24B716E5006086B5 /* Visit_qualif.csv */,
			);
			path = csvImport;
			sourceTree = "<group>";
		};
		A2AC8522240E6C9B00C65900 /* Products */ = {
			isa = PBXGroup;
			children = (
				A2AC8526240E6C9B00C65900 /* WoosmapGeofencing.framework */,
				A262B9E124E29FB100EB621F /* WoosmapGeofencingTests.xctest */,
			);
			name = Products;
			sourceTree = "<group>";
		};
		A2AC8535240E743800C65900 /* NotificationService */ = {
			isa = PBXGroup;
			children = (
				A2AC8536240E743800C65900 /* NotificationService.swift */,
				A2AC8538240E743800C65900 /* Info.plist */,
			);
			path = NotificationService;
			sourceTree = "<group>";
		};
/* End PBXGroup section */

/* Begin PBXNativeTarget section */
		A216FB8723E9CE720003AAC8 /* Sample */ = {
			isa = PBXNativeTarget;
			buildConfigurationList = A216FB9C23E9CE760003AAC8 /* Build configuration list for PBXNativeTarget "Sample" */;
			buildPhases = (
				A216FB8423E9CE720003AAC8 /* Sources */,
				A216FB8523E9CE720003AAC8 /* Frameworks */,
				A216FB8623E9CE720003AAC8 /* Resources */,
				A2AC853F240E743800C65900 /* Embed App Extensions */,
				A2140414241955AA00537968 /* Embed Frameworks */,
			);
			buildRules = (
			);
			dependencies = (
				4FF2C79D26B19D3A00A998AE /* PBXTargetDependency */,
				A277BD60242A27420098F01A /* PBXTargetDependency */,
				A2AC853A240E743800C65900 /* PBXTargetDependency */,
			);
			name = Sample;
			packageProductDependencies = (
			);
			productName = GeoSearch;
			productReference = A216FB8823E9CE720003AAC8 /* SampleGeofencing.app */;
			productType = "com.apple.product-type.application";
		};
		A277790F250FA3B900068AEA /* SampleGeofencingTests */ = {
			isa = PBXNativeTarget;
			buildConfigurationList = A2777917250FA3B900068AEA /* Build configuration list for PBXNativeTarget "SampleGeofencingTests" */;
			buildPhases = (
				A277790C250FA3B900068AEA /* Sources */,
				A277790D250FA3B900068AEA /* Frameworks */,
				A277790E250FA3B900068AEA /* Resources */,
			);
			buildRules = (
			);
			dependencies = (
				A2777916250FA3B900068AEA /* PBXTargetDependency */,
			);
			name = SampleGeofencingTests;
			productName = SampleGeofencingTests;
			productReference = A2777910250FA3B900068AEA /* SampleGeofencingTests.xctest */;
			productType = "com.apple.product-type.bundle.unit-test";
		};
		A2AC8533240E743800C65900 /* NotificationService */ = {
			isa = PBXNativeTarget;
			buildConfigurationList = A2AC853C240E743800C65900 /* Build configuration list for PBXNativeTarget "NotificationService" */;
			buildPhases = (
				A2AC8530240E743800C65900 /* Sources */,
				A2AC8531240E743800C65900 /* Frameworks */,
				A2AC8532240E743800C65900 /* Resources */,
			);
			buildRules = (
			);
			dependencies = (
				A277BD62242A27AB0098F01A /* PBXTargetDependency */,
			);
			name = NotificationService;
			productName = NotificationService;
			productReference = A2AC8534240E743800C65900 /* NotificationService.appex */;
			productType = "com.apple.product-type.app-extension";
		};
/* End PBXNativeTarget section */

/* Begin PBXProject section */
		A216FB8023E9CE720003AAC8 /* Project object */ = {
			isa = PBXProject;
			attributes = {
				LastSwiftUpdateCheck = 1170;
				LastUpgradeCheck = 1200;
				ORGANIZATIONNAME = "Web Geo Services";
				TargetAttributes = {
					A216FB8723E9CE720003AAC8 = {
						CreatedOnToolsVersion = 11.3.1;
					};
					A277790F250FA3B900068AEA = {
						CreatedOnToolsVersion = 11.7;
						LastSwiftMigration = 1170;
						TestTargetID = A216FB8723E9CE720003AAC8;
					};
					A2AC8533240E743800C65900 = {
						CreatedOnToolsVersion = 11.3.1;
					};
				};
			};
			buildConfigurationList = A216FB8323E9CE720003AAC8 /* Build configuration list for PBXProject "Sample" */;
			compatibilityVersion = "Xcode 9.3";
			developmentRegion = en;
			hasScannedForEncodings = 0;
			knownRegions = (
				en,
				Base,
			);
			mainGroup = A216FB7F23E9CE720003AAC8;
			packageReferences = (
			);
			productRefGroup = A216FB8923E9CE720003AAC8 /* Products */;
			projectDirPath = "";
			projectReferences = (
				{
					ProductGroup = 4FF2C78E26B19D1700A998AE /* Products */;
					ProjectRef = 4FF2C78D26B19D1700A998AE /* OAuth2.xcodeproj */;
				},
				{
					ProductGroup = A2AC8522240E6C9B00C65900 /* Products */;
					ProjectRef = A216FBB423E9CEA70003AAC8 /* WoosmapGeofencing.xcodeproj */;
				},
			);
			projectRoot = "";
			targets = (
				A216FB8723E9CE720003AAC8 /* Sample */,
				A2AC8533240E743800C65900 /* NotificationService */,
				A277790F250FA3B900068AEA /* SampleGeofencingTests */,
			);
		};
/* End PBXProject section */

/* Begin PBXReferenceProxy section */
		4FF2C79526B19D1700A998AE /* OAuth2.framework */ = {
			isa = PBXReferenceProxy;
			fileType = wrapper.framework;
			path = OAuth2.framework;
			remoteRef = 4FF2C79426B19D1700A998AE /* PBXContainerItemProxy */;
			sourceTree = BUILT_PRODUCTS_DIR;
		};
		4FF2C79726B19D1700A998AE /* OAuth2.framework */ = {
			isa = PBXReferenceProxy;
			fileType = wrapper.framework;
			path = OAuth2.framework;
			remoteRef = 4FF2C79626B19D1700A998AE /* PBXContainerItemProxy */;
			sourceTree = BUILT_PRODUCTS_DIR;
		};
		4FF2C79926B19D1700A998AE /* OAuth2.framework */ = {
			isa = PBXReferenceProxy;
			fileType = wrapper.framework;
			path = OAuth2.framework;
			remoteRef = 4FF2C79826B19D1700A998AE /* PBXContainerItemProxy */;
			sourceTree = BUILT_PRODUCTS_DIR;
		};
		4FF2C79B26B19D1700A998AE /* OAuth2Tests.xctest */ = {
			isa = PBXReferenceProxy;
			fileType = wrapper.cfbundle;
			path = OAuth2Tests.xctest;
			remoteRef = 4FF2C79A26B19D1700A998AE /* PBXContainerItemProxy */;
			sourceTree = BUILT_PRODUCTS_DIR;
		};
		A262B9E124E29FB100EB621F /* WoosmapGeofencingTests.xctest */ = {
			isa = PBXReferenceProxy;
			fileType = wrapper.cfbundle;
			path = WoosmapGeofencingTests.xctest;
			remoteRef = A262B9E024E29FB100EB621F /* PBXContainerItemProxy */;
			sourceTree = BUILT_PRODUCTS_DIR;
		};
		A2AC8526240E6C9B00C65900 /* WoosmapGeofencing.framework */ = {
			isa = PBXReferenceProxy;
			fileType = wrapper.framework;
			path = WoosmapGeofencing.framework;
			remoteRef = A2AC8525240E6C9B00C65900 /* PBXContainerItemProxy */;
			sourceTree = BUILT_PRODUCTS_DIR;
		};
/* End PBXReferenceProxy section */

/* Begin PBXResourcesBuildPhase section */
		A216FB8623E9CE720003AAC8 /* Resources */ = {
			isa = PBXResourcesBuildPhase;
			buildActionMask = 2147483647;
			files = (
				4FF2C77726B0605200A998AE /* MarketingCloudSDK.bundle in Resources */,
				A216FB9823E9CE760003AAC8 /* LaunchScreen.storyboard in Resources */,
				A218C85F24B716E5006086B5 /* Visit_qualif.csv in Resources */,
				A27D4422250A28770043B676 /* Locations.csv in Resources */,
				A216FB9523E9CE760003AAC8 /* Preview Assets.xcassets in Resources */,
				A216FB9223E9CE760003AAC8 /* Assets.xcassets in Resources */,
				A2F095A223EAD36B007A5419 /* Main.storyboard in Resources */,
			);
			runOnlyForDeploymentPostprocessing = 0;
		};
		A277790E250FA3B900068AEA /* Resources */ = {
			isa = PBXResourcesBuildPhase;
			buildActionMask = 2147483647;
			files = (
			);
			runOnlyForDeploymentPostprocessing = 0;
		};
		A2AC8532240E743800C65900 /* Resources */ = {
			isa = PBXResourcesBuildPhase;
			buildActionMask = 2147483647;
			files = (
			);
			runOnlyForDeploymentPostprocessing = 0;
		};
/* End PBXResourcesBuildPhase section */

/* Begin PBXSourcesBuildPhase section */
		A216FB8423E9CE720003AAC8 /* Sources */ = {
			isa = PBXSourcesBuildPhase;
			buildActionMask = 2147483647;
			files = (
				A2245470247D578600A0B8B0 /* DataZOI.swift in Sources */,
				A20DDE7823EAFB9E00124E56 /* DataLocation.swift in Sources */,
				A235A0B2242A570300B51E1F /* Settings.swift in Sources */,
				A2B6E7E424192536006C4F19 /* DataVisit.swift in Sources */,
				A2A3222A242911F900C98018 /* TokenIdViewController.swift in Sources */,
				A20DDE7023EAD6D300124E56 /* LocationTableViewContoller.swift in Sources */,
				A2B5187E2554655C003B7C19 /* DataDistance.swift in Sources */,
				A238041C23EC6A95002F53F2 /* DataPOI.swift in Sources */,
				A239056025791D87001B3754 /* DataRegion.swift in Sources */,
				A273027E23EB0BB00042FC5A /* Extension.swift in Sources */,
				4FB4AF0F26AF053A0056659F /* MarketingCloudSDKURLHandlingDelegate.swift in Sources */,
				A29D6F9D25EFF88600F95790 /* AirshipEvents.swift in Sources */,
				A20DDE7323EAF66D00124E56 /* MapViewController.swift in Sources */,
				A216FB8C23E9CE720003AAC8 /* AppDelegate.swift in Sources */,
				A21DC0C4248FF50000E45471 /* MockDataVisit.swift in Sources */,
			);
			runOnlyForDeploymentPostprocessing = 0;
		};
		A277790C250FA3B900068AEA /* Sources */ = {
			isa = PBXSourcesBuildPhase;
			buildActionMask = 2147483647;
			files = (
			);
			runOnlyForDeploymentPostprocessing = 0;
		};
		A2AC8530240E743800C65900 /* Sources */ = {
			isa = PBXSourcesBuildPhase;
			buildActionMask = 2147483647;
			files = (
				A235A0B3242A570C00B51E1F /* Settings.swift in Sources */,
				A2AC8537240E743800C65900 /* NotificationService.swift in Sources */,
			);
			runOnlyForDeploymentPostprocessing = 0;
		};
/* End PBXSourcesBuildPhase section */

/* Begin PBXTargetDependency section */
		4FF2C79D26B19D3A00A998AE /* PBXTargetDependency */ = {
			isa = PBXTargetDependency;
			name = OAuth2iOS;
			targetProxy = 4FF2C79C26B19D3A00A998AE /* PBXContainerItemProxy */;
		};
		A2777916250FA3B900068AEA /* PBXTargetDependency */ = {
			isa = PBXTargetDependency;
			target = A216FB8723E9CE720003AAC8 /* Sample */;
			targetProxy = A2777915250FA3B900068AEA /* PBXContainerItemProxy */;
		};
		A277BD60242A27420098F01A /* PBXTargetDependency */ = {
			isa = PBXTargetDependency;
			name = WoosmapGeofencing;
			targetProxy = A277BD5F242A27420098F01A /* PBXContainerItemProxy */;
		};
		A277BD62242A27AB0098F01A /* PBXTargetDependency */ = {
			isa = PBXTargetDependency;
			name = WoosmapGeofencing;
			targetProxy = A277BD61242A27AB0098F01A /* PBXContainerItemProxy */;
		};
		A2AC853A240E743800C65900 /* PBXTargetDependency */ = {
			isa = PBXTargetDependency;
			target = A2AC8533240E743800C65900 /* NotificationService */;
			targetProxy = A2AC8539240E743800C65900 /* PBXContainerItemProxy */;
		};
/* End PBXTargetDependency section */

/* Begin PBXVariantGroup section */
		A216FB9623E9CE760003AAC8 /* LaunchScreen.storyboard */ = {
			isa = PBXVariantGroup;
			children = (
				A216FB9723E9CE760003AAC8 /* Base */,
			);
			name = LaunchScreen.storyboard;
			sourceTree = "<group>";
		};
		A2F095A023EAD36B007A5419 /* Main.storyboard */ = {
			isa = PBXVariantGroup;
			children = (
				A2F095A123EAD36B007A5419 /* Base */,
			);
			name = Main.storyboard;
			sourceTree = "<group>";
		};
/* End PBXVariantGroup section */

/* Begin XCBuildConfiguration section */
		A216FB9A23E9CE760003AAC8 /* Debug */ = {
			isa = XCBuildConfiguration;
			buildSettings = {
				ALWAYS_SEARCH_USER_PATHS = NO;
				CLANG_ANALYZER_NONNULL = YES;
				CLANG_ANALYZER_NUMBER_OBJECT_CONVERSION = YES_AGGRESSIVE;
				CLANG_CXX_LANGUAGE_STANDARD = "gnu++14";
				CLANG_CXX_LIBRARY = "libc++";
				CLANG_ENABLE_MODULES = YES;
				CLANG_ENABLE_OBJC_ARC = YES;
				CLANG_ENABLE_OBJC_WEAK = YES;
				CLANG_WARN_BLOCK_CAPTURE_AUTORELEASING = YES;
				CLANG_WARN_BOOL_CONVERSION = YES;
				CLANG_WARN_COMMA = YES;
				CLANG_WARN_CONSTANT_CONVERSION = YES;
				CLANG_WARN_DEPRECATED_OBJC_IMPLEMENTATIONS = YES;
				CLANG_WARN_DIRECT_OBJC_ISA_USAGE = YES_ERROR;
				CLANG_WARN_DOCUMENTATION_COMMENTS = YES;
				CLANG_WARN_EMPTY_BODY = YES;
				CLANG_WARN_ENUM_CONVERSION = YES;
				CLANG_WARN_INFINITE_RECURSION = YES;
				CLANG_WARN_INT_CONVERSION = YES;
				CLANG_WARN_NON_LITERAL_NULL_CONVERSION = YES;
				CLANG_WARN_OBJC_IMPLICIT_RETAIN_SELF = YES;
				CLANG_WARN_OBJC_LITERAL_CONVERSION = YES;
				CLANG_WARN_OBJC_ROOT_CLASS = YES_ERROR;
				CLANG_WARN_QUOTED_INCLUDE_IN_FRAMEWORK_HEADER = YES;
				CLANG_WARN_RANGE_LOOP_ANALYSIS = YES;
				CLANG_WARN_STRICT_PROTOTYPES = YES;
				CLANG_WARN_SUSPICIOUS_MOVE = YES;
				CLANG_WARN_UNGUARDED_AVAILABILITY = YES_AGGRESSIVE;
				CLANG_WARN_UNREACHABLE_CODE = YES;
				CLANG_WARN__DUPLICATE_METHOD_MATCH = YES;
				COPY_PHASE_STRIP = NO;
				DEBUG_INFORMATION_FORMAT = dwarf;
				ENABLE_STRICT_OBJC_MSGSEND = YES;
				ENABLE_TESTABILITY = YES;
				GCC_C_LANGUAGE_STANDARD = gnu11;
				GCC_DYNAMIC_NO_PIC = NO;
				GCC_NO_COMMON_BLOCKS = YES;
				GCC_OPTIMIZATION_LEVEL = 0;
				GCC_PREPROCESSOR_DEFINITIONS = (
					"DEBUG=1",
					"$(inherited)",
				);
				GCC_WARN_64_TO_32_BIT_CONVERSION = YES;
				GCC_WARN_ABOUT_RETURN_TYPE = YES_ERROR;
				GCC_WARN_UNDECLARED_SELECTOR = YES;
				GCC_WARN_UNINITIALIZED_AUTOS = YES_AGGRESSIVE;
				GCC_WARN_UNUSED_FUNCTION = YES;
				GCC_WARN_UNUSED_VARIABLE = YES;
				IPHONEOS_DEPLOYMENT_TARGET = 12.0;
				MTL_ENABLE_DEBUG_INFO = INCLUDE_SOURCE;
				MTL_FAST_MATH = YES;
				ONLY_ACTIVE_ARCH = YES;
				SDKROOT = iphoneos;
				SWIFT_ACTIVE_COMPILATION_CONDITIONS = DEBUG;
				SWIFT_OPTIMIZATION_LEVEL = "-Onone";
			};
			name = Debug;
		};
		A216FB9B23E9CE760003AAC8 /* Release */ = {
			isa = XCBuildConfiguration;
			buildSettings = {
				ALWAYS_SEARCH_USER_PATHS = NO;
				CLANG_ANALYZER_NONNULL = YES;
				CLANG_ANALYZER_NUMBER_OBJECT_CONVERSION = YES_AGGRESSIVE;
				CLANG_CXX_LANGUAGE_STANDARD = "gnu++14";
				CLANG_CXX_LIBRARY = "libc++";
				CLANG_ENABLE_MODULES = YES;
				CLANG_ENABLE_OBJC_ARC = YES;
				CLANG_ENABLE_OBJC_WEAK = YES;
				CLANG_WARN_BLOCK_CAPTURE_AUTORELEASING = YES;
				CLANG_WARN_BOOL_CONVERSION = YES;
				CLANG_WARN_COMMA = YES;
				CLANG_WARN_CONSTANT_CONVERSION = YES;
				CLANG_WARN_DEPRECATED_OBJC_IMPLEMENTATIONS = YES;
				CLANG_WARN_DIRECT_OBJC_ISA_USAGE = YES_ERROR;
				CLANG_WARN_DOCUMENTATION_COMMENTS = YES;
				CLANG_WARN_EMPTY_BODY = YES;
				CLANG_WARN_ENUM_CONVERSION = YES;
				CLANG_WARN_INFINITE_RECURSION = YES;
				CLANG_WARN_INT_CONVERSION = YES;
				CLANG_WARN_NON_LITERAL_NULL_CONVERSION = YES;
				CLANG_WARN_OBJC_IMPLICIT_RETAIN_SELF = YES;
				CLANG_WARN_OBJC_LITERAL_CONVERSION = YES;
				CLANG_WARN_OBJC_ROOT_CLASS = YES_ERROR;
				CLANG_WARN_QUOTED_INCLUDE_IN_FRAMEWORK_HEADER = YES;
				CLANG_WARN_RANGE_LOOP_ANALYSIS = YES;
				CLANG_WARN_STRICT_PROTOTYPES = YES;
				CLANG_WARN_SUSPICIOUS_MOVE = YES;
				CLANG_WARN_UNGUARDED_AVAILABILITY = YES_AGGRESSIVE;
				CLANG_WARN_UNREACHABLE_CODE = YES;
				CLANG_WARN__DUPLICATE_METHOD_MATCH = YES;
				COPY_PHASE_STRIP = NO;
				DEBUG_INFORMATION_FORMAT = "dwarf-with-dsym";
				ENABLE_NS_ASSERTIONS = NO;
				ENABLE_STRICT_OBJC_MSGSEND = YES;
				GCC_C_LANGUAGE_STANDARD = gnu11;
				GCC_NO_COMMON_BLOCKS = YES;
				GCC_WARN_64_TO_32_BIT_CONVERSION = YES;
				GCC_WARN_ABOUT_RETURN_TYPE = YES_ERROR;
				GCC_WARN_UNDECLARED_SELECTOR = YES;
				GCC_WARN_UNINITIALIZED_AUTOS = YES_AGGRESSIVE;
				GCC_WARN_UNUSED_FUNCTION = YES;
				GCC_WARN_UNUSED_VARIABLE = YES;
				IPHONEOS_DEPLOYMENT_TARGET = 12.0;
				MTL_ENABLE_DEBUG_INFO = NO;
				MTL_FAST_MATH = YES;
				SDKROOT = iphoneos;
				SWIFT_COMPILATION_MODE = wholemodule;
				SWIFT_OPTIMIZATION_LEVEL = "-O";
				VALIDATE_PRODUCT = YES;
			};
			name = Release;
		};
		A216FB9D23E9CE760003AAC8 /* Debug */ = {
			isa = XCBuildConfiguration;
			buildSettings = {
				ALWAYS_EMBED_SWIFT_STANDARD_LIBRARIES = YES;
				ASSETCATALOG_COMPILER_APPICON_NAME = AppIcon;
				CODE_SIGN_ENTITLEMENTS = Sample/SampleGeofencing.entitlements;
				CODE_SIGN_STYLE = Automatic;
				CURRENT_PROJECT_VERSION = 0;
				DEVELOPMENT_ASSET_PATHS = "\"Sample/Preview Content\"";
				DEVELOPMENT_TEAM = 7LLPH8QA65;
				ENABLE_PREVIEWS = YES;
				INFOPLIST_FILE = "$(SRCROOT)/Sample/Info.plist";
				IPHONEOS_DEPLOYMENT_TARGET = 12.0;
				LD_RUNPATH_SEARCH_PATHS = (
					"$(inherited)",
					"@executable_path/Frameworks",
				);
				MARKETING_VERSION = 3.2;
				OTHER_LDFLAGS = "-ObjC";
				PRODUCT_BUNDLE_IDENTIFIER = com.webgeoservices.woozies;
				PRODUCT_NAME = SampleGeofencing;
				SWIFT_VERSION = 5.0;
				TARGETED_DEVICE_FAMILY = "1,2";
			};
			name = Debug;
		};
		A216FB9E23E9CE760003AAC8 /* Release */ = {
			isa = XCBuildConfiguration;
			buildSettings = {
				ALWAYS_EMBED_SWIFT_STANDARD_LIBRARIES = YES;
				ASSETCATALOG_COMPILER_APPICON_NAME = AppIcon;
				CODE_SIGN_ENTITLEMENTS = Sample/SampleGeofencing.entitlements;
				CODE_SIGN_STYLE = Automatic;
				CURRENT_PROJECT_VERSION = 0;
				DEVELOPMENT_ASSET_PATHS = "\"Sample/Preview Content\"";
				DEVELOPMENT_TEAM = 7LLPH8QA65;
				ENABLE_PREVIEWS = YES;
				INFOPLIST_FILE = "$(SRCROOT)/Sample/Info.plist";
				IPHONEOS_DEPLOYMENT_TARGET = 12.0;
				LD_RUNPATH_SEARCH_PATHS = (
					"$(inherited)",
					"@executable_path/Frameworks",
				);
				MARKETING_VERSION = 3.2;
				OTHER_LDFLAGS = "-ObjC";
				PRODUCT_BUNDLE_IDENTIFIER = com.webgeoservices.woozies;
				PRODUCT_NAME = SampleGeofencing;
				SWIFT_VERSION = 5.0;
				TARGETED_DEVICE_FAMILY = "1,2";
			};
			name = Release;
		};
		A2777918250FA3B900068AEA /* Debug */ = {
			isa = XCBuildConfiguration;
			buildSettings = {
				BUNDLE_LOADER = "$(TEST_HOST)";
				CLANG_ENABLE_MODULES = YES;
				"CODE_SIGN_IDENTITY[sdk=macosx*]" = "-";
				CODE_SIGN_STYLE = Automatic;
				INFOPLIST_FILE = SampleGeofencingTests/Info.plist;
				IPHONEOS_DEPLOYMENT_TARGET = 12.0;
				LD_RUNPATH_SEARCH_PATHS = (
					"$(inherited)",
					"@executable_path/Frameworks",
					"@loader_path/Frameworks",
				);
				PRODUCT_BUNDLE_IDENTIFIER = WebGeoServices.SampleGeofencingTests;
				PRODUCT_NAME = "$(TARGET_NAME)";
				SWIFT_OBJC_BRIDGING_HEADER = "SampleGeofencingTests/SampleGeofencingTests-Bridging-Header.h";
				SWIFT_OPTIMIZATION_LEVEL = "-Onone";
				SWIFT_VERSION = 5.0;
				TARGETED_DEVICE_FAMILY = "1,2";
				TEST_HOST = "$(BUILT_PRODUCTS_DIR)/SampleGeofencing.app/SampleGeofencing";
			};
			name = Debug;
		};
		A2777919250FA3B900068AEA /* Release */ = {
			isa = XCBuildConfiguration;
			buildSettings = {
				BUNDLE_LOADER = "$(TEST_HOST)";
				CLANG_ENABLE_MODULES = YES;
				"CODE_SIGN_IDENTITY[sdk=macosx*]" = "-";
				CODE_SIGN_STYLE = Automatic;
				INFOPLIST_FILE = SampleGeofencingTests/Info.plist;
				IPHONEOS_DEPLOYMENT_TARGET = 12.0;
				LD_RUNPATH_SEARCH_PATHS = (
					"$(inherited)",
					"@executable_path/Frameworks",
					"@loader_path/Frameworks",
				);
				PRODUCT_BUNDLE_IDENTIFIER = WebGeoServices.SampleGeofencingTests;
				PRODUCT_NAME = "$(TARGET_NAME)";
				SWIFT_OBJC_BRIDGING_HEADER = "SampleGeofencingTests/SampleGeofencingTests-Bridging-Header.h";
				SWIFT_VERSION = 5.0;
				TARGETED_DEVICE_FAMILY = "1,2";
				TEST_HOST = "$(BUILT_PRODUCTS_DIR)/SampleGeofencing.app/SampleGeofencing";
			};
			name = Release;
		};
		A2AC853D240E743800C65900 /* Debug */ = {
			isa = XCBuildConfiguration;
			buildSettings = {
				APPLICATION_EXTENSION_API_ONLY = YES;
				CODE_SIGN_STYLE = Automatic;
				CURRENT_PROJECT_VERSION = 0;
				DEVELOPMENT_TEAM = 38H4FA3J9J;
				INFOPLIST_FILE = NotificationService/Info.plist;
				IPHONEOS_DEPLOYMENT_TARGET = 12.0;
				LD_RUNPATH_SEARCH_PATHS = (
					"$(inherited)",
					"@executable_path/Frameworks",
					"@executable_path/../../Frameworks",
				);
				MARKETING_VERSION = 3.2;
				PRODUCT_BUNDLE_IDENTIFIER = com.webgeoservices.woozies.NotificationService;
				PRODUCT_NAME = "$(TARGET_NAME)";
				SKIP_INSTALL = YES;
				SWIFT_VERSION = 5.0;
				TARGETED_DEVICE_FAMILY = "1,2";
			};
			name = Debug;
		};
		A2AC853E240E743800C65900 /* Release */ = {
			isa = XCBuildConfiguration;
			buildSettings = {
				APPLICATION_EXTENSION_API_ONLY = YES;
				CODE_SIGN_STYLE = Automatic;
				CURRENT_PROJECT_VERSION = 0;
				DEVELOPMENT_TEAM = 38H4FA3J9J;
				INFOPLIST_FILE = NotificationService/Info.plist;
				IPHONEOS_DEPLOYMENT_TARGET = 12.0;
				LD_RUNPATH_SEARCH_PATHS = (
					"$(inherited)",
					"@executable_path/Frameworks",
					"@executable_path/../../Frameworks",
				);
				MARKETING_VERSION = 3.2;
				PRODUCT_BUNDLE_IDENTIFIER = com.webgeoservices.woozies.NotificationService;
				PRODUCT_NAME = "$(TARGET_NAME)";
				SKIP_INSTALL = YES;
				SWIFT_VERSION = 5.0;
				TARGETED_DEVICE_FAMILY = "1,2";
			};
			name = Release;
		};
/* End XCBuildConfiguration section */

/* Begin XCConfigurationList section */
		A216FB8323E9CE720003AAC8 /* Build configuration list for PBXProject "Sample" */ = {
			isa = XCConfigurationList;
			buildConfigurations = (
				A216FB9A23E9CE760003AAC8 /* Debug */,
				A216FB9B23E9CE760003AAC8 /* Release */,
			);
			defaultConfigurationIsVisible = 0;
			defaultConfigurationName = Release;
		};
		A216FB9C23E9CE760003AAC8 /* Build configuration list for PBXNativeTarget "Sample" */ = {
			isa = XCConfigurationList;
			buildConfigurations = (
				A216FB9D23E9CE760003AAC8 /* Debug */,
				A216FB9E23E9CE760003AAC8 /* Release */,
			);
			defaultConfigurationIsVisible = 0;
			defaultConfigurationName = Release;
		};
		A2777917250FA3B900068AEA /* Build configuration list for PBXNativeTarget "SampleGeofencingTests" */ = {
			isa = XCConfigurationList;
			buildConfigurations = (
				A2777918250FA3B900068AEA /* Debug */,
				A2777919250FA3B900068AEA /* Release */,
			);
			defaultConfigurationIsVisible = 0;
			defaultConfigurationName = Release;
		};
		A2AC853C240E743800C65900 /* Build configuration list for PBXNativeTarget "NotificationService" */ = {
			isa = XCConfigurationList;
			buildConfigurations = (
				A2AC853D240E743800C65900 /* Debug */,
				A2AC853E240E743800C65900 /* Release */,
			);
			defaultConfigurationIsVisible = 0;
			defaultConfigurationName = Release;
		};
/* End XCConfigurationList section */
	};
	rootObject = A216FB8023E9CE720003AAC8 /* Project object */;
}
