{
  "pins" : [
    {
      "identity" : "realm-cocoa",
      "kind" : "remoteSourceControl",
      "location" : "https://github.com/realm/realm-cocoa",
      "state" : {
        "revision" : "fd279e0a94b46c5bd65b17e36817a4365c7a5482",
        "version" : "10.28.2"
      }
    },
    {
      "identity" : "realm-core",
      "kind" : "remoteSourceControl",
      "location" : "https://github.com/realm/realm-core",
      "state" : {
        "revision" : "55a48c287b5e3a8ca129c257ec7e3b92bcb2a05f",
        "version" : "12.3.0"
      }
    },
    {
      "identity" : "surge",
      "kind" : "remoteSourceControl",
      "location" : "https://github.com/Jounce/Surge.git",
      "state" : {
        "revision" : "6e4a47e63da8801afe6188cf039e9f04eb577721",
        "version" : "2.3.2"
      }
    }
  ],
  "version" : 2
}
