// !$*UTF8*$!
{
	archiveVersion = 1;
	classes = {
	};
	objectVersion = 52;
	objects = {

/* Begin PBXBuildFile section */
		A2245475247D591800A0B8B0 /* Surge in Frameworks */ = {isa = PBXBuildFile; productRef = A2245474247D591800A0B8B0 /* Surge */; };
		A262B9C824E29ADF00EB621F /* FIGMMCreatorTests.swift in Sources */ = {isa = PBXBuildFile; fileRef = A262B9C524E29ADF00EB621F /* FIGMMCreatorTests.swift */; };
		A262B9C924E29ADF00EB621F /* ZoiQualifierTests.swift in Sources */ = {isa = PBXBuildFile; fileRef = A262B9C624E29ADF00EB621F /* ZoiQualifierTests.swift */; };
		A262B9D424E29B0000EB621F /* Monitor.swift in Sources */ = {isa = PBXBuildFile; fileRef = A262B9CB24E29AFF00EB621F /* Monitor.swift */; };
		A262B9D524E29B0000EB621F /* FIGMM.swift in Sources */ = {isa = PBXBuildFile; fileRef = A262B9CC24E29AFF00EB621F /* FIGMM.swift */; };
		A262B9D624E29B0000EB621F /* WoosmapGeofencing.swift in Sources */ = {isa = PBXBuildFile; fileRef = A262B9CD24E29AFF00EB621F /* WoosmapGeofencing.swift */; };
		A262B9D724E29B0000EB621F /* SearchAPiJson.swift in Sources */ = {isa = PBXBuildFile; fileRef = A262B9CE24E29AFF00EB621F /* SearchAPiJson.swift */; };
		A262B9D824E29B0000EB621F /* RegionGenerator.swift in Sources */ = {isa = PBXBuildFile; fileRef = A262B9CF24E29B0000EB621F /* RegionGenerator.swift */; };
		A262B9DA24E29B0000EB621F /* Settings.swift in Sources */ = {isa = PBXBuildFile; fileRef = A262B9D124E29B0000EB621F /* Settings.swift */; };
		A262B9DB24E29B0000EB621F /* ZOIQualifiers.swift in Sources */ = {isa = PBXBuildFile; fileRef = A262B9D224E29B0000EB621F /* ZOIQualifiers.swift */; };
		A26E645D25B9865800EDBA72 /* DataCleaner.swift in Sources */ = {isa = PBXBuildFile; fileRef = A26E645C25B9865800EDBA72 /* DataCleaner.swift */; };
		A26E646125B98BDD00EDBA72 /* DelayDataDurationTests.swift in Sources */ = {isa = PBXBuildFile; fileRef = A26E646025B98BDD00EDBA72 /* DelayDataDurationTests.swift */; };
		A2710EE025B5C87700AF62F5 /* Realm in Frameworks */ = {isa = PBXBuildFile; productRef = A2710EDF25B5C87700AF62F5 /* Realm */; };
		A2710EE225B5C87700AF62F5 /* RealmSwift in Frameworks */ = {isa = PBXBuildFile; productRef = A2710EE125B5C87700AF62F5 /* RealmSwift */; };
		A2710EEB25B5C8C400AF62F5 /* POI.swift in Sources */ = {isa = PBXBuildFile; fileRef = A2710EEA25B5C8C400AF62F5 /* POI.swift */; };
		A2710EEF25B5C9D100AF62F5 /* ZOI.swift in Sources */ = {isa = PBXBuildFile; fileRef = A2710EEE25B5C9D100AF62F5 /* ZOI.swift */; };
		A2710EF325B5CA7C00AF62F5 /* Visit.swift in Sources */ = {isa = PBXBuildFile; fileRef = A2710EF225B5CA7C00AF62F5 /* Visit.swift */; };
		A2710EF725B5CADE00AF62F5 /* Location.swift in Sources */ = {isa = PBXBuildFile; fileRef = A2710EF625B5CADE00AF62F5 /* Location.swift */; };
		A2710EFB25B5CB3500AF62F5 /* Region.swift in Sources */ = {isa = PBXBuildFile; fileRef = A2710EFA25B5CB3500AF62F5 /* Region.swift */; };
		A2A8FB3E26B1AB9F00A0C848 /* ConfigModel.swift in Sources */ = {isa = PBXBuildFile; fileRef = A2A8FB3D26B1AB9F00A0C848 /* ConfigModel.swift */; };
		A2A8FB4026B1AC4600A0C848 /* liveTracking.json in Resources */ = {isa = PBXBuildFile; fileRef = A2A8FB3F26B1AC4600A0C848 /* liveTracking.json */; };
		A2B5187A25545E48003B7C19 /* DistanceAPIJsonswift.swift in Sources */ = {isa = PBXBuildFile; fileRef = A2B5187925545E48003B7C19 /* DistanceAPIJsonswift.swift */; };
		A2BAB7B926774A1F00AA4E80 /* JSONGeneric.swift in Sources */ = {isa = PBXBuildFile; fileRef = A2BAB7B826774A1F00AA4E80 /* JSONGeneric.swift */; };
		A2C57C4D24D95F7A00E5A080 /* WoosmapGeofencing.framework in Frameworks */ = {isa = PBXBuildFile; fileRef = A216FBA923E9CEA70003AAC8 /* WoosmapGeofencing.framework */; };
		A2DDC91B25C86B0C00C90486 /* DatabaseTests.swift in Sources */ = {isa = PBXBuildFile; fileRef = A2DDC91A25C86B0C00C90486 /* DatabaseTests.swift */; };
/* End PBXBuildFile section */

/* Begin PBXContainerItemProxy section */
		A2C57C4E24D95F7A00E5A080 /* PBXContainerItemProxy */ = {
			isa = PBXContainerItemProxy;
			containerPortal = A216FBA023E9CEA70003AAC8 /* Project object */;
			proxyType = 1;
			remoteGlobalIDString = A216FBA823E9CEA70003AAC8;
			remoteInfo = WoosmapGeofencing;
		};
/* End PBXContainerItemProxy section */

/* Begin PBXFileReference section */
		A216FBA923E9CEA70003AAC8 /* WoosmapGeofencing.framework */ = {isa = PBXFileReference; explicitFileType = wrapper.framework; includeInIndex = 0; path = WoosmapGeofencing.framework; sourceTree = BUILT_PRODUCTS_DIR; };
		A262B9C524E29ADF00EB621F /* FIGMMCreatorTests.swift */ = {isa = PBXFileReference; fileEncoding = 4; lastKnownFileType = sourcecode.swift; name = FIGMMCreatorTests.swift; path = Tests/WoosmapGeofencingTests/FIGMMCreatorTests.swift; sourceTree = SOURCE_ROOT; };
		A262B9C624E29ADF00EB621F /* ZoiQualifierTests.swift */ = {isa = PBXFileReference; fileEncoding = 4; lastKnownFileType = sourcecode.swift; name = ZoiQualifierTests.swift; path = Tests/WoosmapGeofencingTests/ZoiQualifierTests.swift; sourceTree = SOURCE_ROOT; };
		A262B9C724E29ADF00EB621F /* Info.plist */ = {isa = PBXFileReference; lastKnownFileType = text.plist; name = Info.plist; path = Tests/WoosmapGeofencingTests/Info.plist; sourceTree = SOURCE_ROOT; };
		A262B9CB24E29AFF00EB621F /* Monitor.swift */ = {isa = PBXFileReference; fileEncoding = 4; lastKnownFileType = sourcecode.swift; name = Monitor.swift; path = Sources/WoosmapGeofencing/Monitor.swift; sourceTree = SOURCE_ROOT; };
		A262B9CC24E29AFF00EB621F /* FIGMM.swift */ = {isa = PBXFileReference; fileEncoding = 4; lastKnownFileType = sourcecode.swift; name = FIGMM.swift; path = Sources/WoosmapGeofencing/FIGMM.swift; sourceTree = SOURCE_ROOT; };
		A262B9CD24E29AFF00EB621F /* WoosmapGeofencing.swift */ = {isa = PBXFileReference; fileEncoding = 4; lastKnownFileType = sourcecode.swift; name = WoosmapGeofencing.swift; path = Sources/WoosmapGeofencing/WoosmapGeofencing.swift; sourceTree = SOURCE_ROOT; };
		A262B9CE24E29AFF00EB621F /* SearchAPiJson.swift */ = {isa = PBXFileReference; fileEncoding = 4; lastKnownFileType = sourcecode.swift; name = SearchAPiJson.swift; path = Sources/WoosmapGeofencing/SearchAPiJson.swift; sourceTree = SOURCE_ROOT; };
		A262B9CF24E29B0000EB621F /* RegionGenerator.swift */ = {isa = PBXFileReference; fileEncoding = 4; lastKnownFileType = sourcecode.swift; name = RegionGenerator.swift; path = Sources/WoosmapGeofencing/RegionGenerator.swift; sourceTree = SOURCE_ROOT; };
		A262B9D024E29B0000EB621F /* WoosmapGeofencing.h */ = {isa = PBXFileReference; fileEncoding = 4; lastKnownFileType = sourcecode.c.h; name = WoosmapGeofencing.h; path = Sources/WoosmapGeofencing/WoosmapGeofencing.h; sourceTree = SOURCE_ROOT; };
		A262B9D124E29B0000EB621F /* Settings.swift */ = {isa = PBXFileReference; fileEncoding = 4; lastKnownFileType = sourcecode.swift; name = Settings.swift; path = Sources/WoosmapGeofencing/Settings.swift; sourceTree = SOURCE_ROOT; };
		A262B9D224E29B0000EB621F /* ZOIQualifiers.swift */ = {isa = PBXFileReference; fileEncoding = 4; lastKnownFileType = sourcecode.swift; name = ZOIQualifiers.swift; path = Sources/WoosmapGeofencing/ZOIQualifiers.swift; sourceTree = SOURCE_ROOT; };
		A262B9D324E29B0000EB621F /* Info.plist */ = {isa = PBXFileReference; lastKnownFileType = text.plist; name = Info.plist; path = Sources/WoosmapGeofencing/Info.plist; sourceTree = SOURCE_ROOT; };
		A26E645C25B9865800EDBA72 /* DataCleaner.swift */ = {isa = PBXFileReference; lastKnownFileType = sourcecode.swift; path = DataCleaner.swift; sourceTree = "<group>"; };
		A26E646025B98BDD00EDBA72 /* DelayDataDurationTests.swift */ = {isa = PBXFileReference; lastKnownFileType = sourcecode.swift; path = DelayDataDurationTests.swift; sourceTree = "<group>"; };
		A2710EEA25B5C8C400AF62F5 /* POI.swift */ = {isa = PBXFileReference; lastKnownFileType = sourcecode.swift; path = POI.swift; sourceTree = "<group>"; };
		A2710EEE25B5C9D100AF62F5 /* ZOI.swift */ = {isa = PBXFileReference; lastKnownFileType = sourcecode.swift; path = ZOI.swift; sourceTree = "<group>"; };
		A2710EF225B5CA7C00AF62F5 /* Visit.swift */ = {isa = PBXFileReference; lastKnownFileType = sourcecode.swift; path = Visit.swift; sourceTree = "<group>"; };
		A2710EF625B5CADE00AF62F5 /* Location.swift */ = {isa = PBXFileReference; lastKnownFileType = sourcecode.swift; path = Location.swift; sourceTree = "<group>"; };
		A2710EFA25B5CB3500AF62F5 /* Region.swift */ = {isa = PBXFileReference; lastKnownFileType = sourcecode.swift; path = Region.swift; sourceTree = "<group>"; };
		A2A8FB3D26B1AB9F00A0C848 /* ConfigModel.swift */ = {isa = PBXFileReference; lastKnownFileType = sourcecode.swift; path = ConfigModel.swift; sourceTree = "<group>"; };
		A2A8FB3F26B1AC4600A0C848 /* liveTracking.json */ = {isa = PBXFileReference; lastKnownFileType = text.json; path = liveTracking.json; sourceTree = "<group>"; };
		A2B5187925545E48003B7C19 /* DistanceAPIJsonswift.swift */ = {isa = PBXFileReference; lastKnownFileType = sourcecode.swift; name = DistanceAPIJsonswift.swift; path = Sources/WoosmapGeofencing/DistanceAPIJsonswift.swift; sourceTree = SOURCE_ROOT; };
		A2BAB7B826774A1F00AA4E80 /* JSONGeneric.swift */ = {isa = PBXFileReference; fileEncoding = 4; lastKnownFileType = sourcecode.swift; path = JSONGeneric.swift; sourceTree = "<group>"; };
		A2C57C4824D95F7A00E5A080 /* WoosmapGeofencingTests.xctest */ = {isa = PBXFileReference; explicitFileType = wrapper.cfbundle; includeInIndex = 0; path = WoosmapGeofencingTests.xctest; sourceTree = BUILT_PRODUCTS_DIR; };
		A2DDC91A25C86B0C00C90486 /* DatabaseTests.swift */ = {isa = PBXFileReference; lastKnownFileType = sourcecode.swift; path = DatabaseTests.swift; sourceTree = "<group>"; };
/* End PBXFileReference section */

/* Begin PBXFrameworksBuildPhase section */
		A216FBA623E9CEA70003AAC8 /* Frameworks */ = {
			isa = PBXFrameworksBuildPhase;
			buildActionMask = 2147483647;
			files = (
				A2710EE225B5C87700AF62F5 /* RealmSwift in Frameworks */,
				A2710EE025B5C87700AF62F5 /* Realm in Frameworks */,
				A2245475247D591800A0B8B0 /* Surge in Frameworks */,
			);
			runOnlyForDeploymentPostprocessing = 0;
		};
		A2C57C4524D95F7A00E5A080 /* Frameworks */ = {
			isa = PBXFrameworksBuildPhase;
			buildActionMask = 2147483647;
			files = (
				A2C57C4D24D95F7A00E5A080 /* WoosmapGeofencing.framework in Frameworks */,
			);
			runOnlyForDeploymentPostprocessing = 0;
		};
/* End PBXFrameworksBuildPhase section */

/* Begin PBXGroup section */
		A216FB9F23E9CEA70003AAC8 = {
			isa = PBXGroup;
			children = (
				A216FBAB23E9CEA70003AAC8 /* WoosmapGeofencing */,
				A2C57C4924D95F7A00E5A080 /* WoosmapGeofencingTests */,
				A216FBAA23E9CEA70003AAC8 /* Products */,
			);
			sourceTree = "<group>";
		};
		A216FBAA23E9CEA70003AAC8 /* Products */ = {
			isa = PBXGroup;
			children = (
				A216FBA923E9CEA70003AAC8 /* WoosmapGeofencing.framework */,
				A2C57C4824D95F7A00E5A080 /* WoosmapGeofencingTests.xctest */,
			);
			name = Products;
			sourceTree = "<group>";
		};
		A216FBAB23E9CEA70003AAC8 /* WoosmapGeofencing */ = {
			isa = PBXGroup;
			children = (
				A2A8FB3C26B1AB8E00A0C848 /* Config */,
				A2710EE525B5C88100AF62F5 /* Business Logic */,
				A262B9CC24E29AFF00EB621F /* FIGMM.swift */,
				A262B9D324E29B0000EB621F /* Info.plist */,
				A262B9CB24E29AFF00EB621F /* Monitor.swift */,
				A262B9CF24E29B0000EB621F /* RegionGenerator.swift */,
				A262B9CE24E29AFF00EB621F /* SearchAPiJson.swift */,
				A262B9D124E29B0000EB621F /* Settings.swift */,
				A2BAB7B826774A1F00AA4E80 /* JSONGeneric.swift */,
				A262B9D024E29B0000EB621F /* WoosmapGeofencing.h */,
				A262B9CD24E29AFF00EB621F /* WoosmapGeofencing.swift */,
				A262B9D224E29B0000EB621F /* ZOIQualifiers.swift */,
				A2B5187925545E48003B7C19 /* DistanceAPIJsonswift.swift */,
			);
			name = WoosmapGeofencing;
			path = Sources/WoosmapGeofencing;
			sourceTree = "<group>";
		};
		A2710EE525B5C88100AF62F5 /* Business Logic */ = {
			isa = PBXGroup;
			children = (
				A2710EEA25B5C8C400AF62F5 /* POI.swift */,
				A2710EEE25B5C9D100AF62F5 /* ZOI.swift */,
				A2710EF225B5CA7C00AF62F5 /* Visit.swift */,
				A2710EF625B5CADE00AF62F5 /* Location.swift */,
				A2710EFA25B5CB3500AF62F5 /* Region.swift */,
				A26E645C25B9865800EDBA72 /* DataCleaner.swift */,
			);
			path = "Business Logic";
			sourceTree = "<group>";
		};
		A2A8FB3C26B1AB8E00A0C848 /* Config */ = {
			isa = PBXGroup;
			children = (
				A2A8FB3D26B1AB9F00A0C848 /* ConfigModel.swift */,
				A2A8FB3F26B1AC4600A0C848 /* liveTracking.json */,
			);
			path = Config;
			sourceTree = "<group>";
		};
		A2C57C4924D95F7A00E5A080 /* WoosmapGeofencingTests */ = {
			isa = PBXGroup;
			children = (
				A2DDC91A25C86B0C00C90486 /* DatabaseTests.swift */,
				A26E646025B98BDD00EDBA72 /* DelayDataDurationTests.swift */,
				A262B9C524E29ADF00EB621F /* FIGMMCreatorTests.swift */,
				A262B9C724E29ADF00EB621F /* Info.plist */,
				A262B9C624E29ADF00EB621F /* ZoiQualifierTests.swift */,
			);
			name = WoosmapGeofencingTests;
			path = Tests/WoosmapGeofencingTests;
			sourceTree = "<group>";
		};
/* End PBXGroup section */

/* Begin PBXHeadersBuildPhase section */
		A216FBA423E9CEA70003AAC8 /* Headers */ = {
			isa = PBXHeadersBuildPhase;
			buildActionMask = 2147483647;
			files = (
			);
			runOnlyForDeploymentPostprocessing = 0;
		};
/* End PBXHeadersBuildPhase section */

/* Begin PBXNativeTarget section */
		A216FBA823E9CEA70003AAC8 /* WoosmapGeofencing */ = {
			isa = PBXNativeTarget;
			buildConfigurationList = A216FBB123E9CEA70003AAC8 /* Build configuration list for PBXNativeTarget "WoosmapGeofencing" */;
			buildPhases = (
				A216FBA423E9CEA70003AAC8 /* Headers */,
				A216FBA523E9CEA70003AAC8 /* Sources */,
				A216FBA623E9CEA70003AAC8 /* Frameworks */,
				A216FBA723E9CEA70003AAC8 /* Resources */,
			);
			buildRules = (
			);
			dependencies = (
			);
			name = WoosmapGeofencing;
			packageProductDependencies = (
				A2245474247D591800A0B8B0 /* Surge */,
				A2710EDF25B5C87700AF62F5 /* Realm */,
				A2710EE125B5C87700AF62F5 /* RealmSwift */,
			);
			productName = GeoSearchSDK;
			productReference = A216FBA923E9CEA70003AAC8 /* WoosmapGeofencing.framework */;
			productType = "com.apple.product-type.framework";
		};
		A2C57C4724D95F7A00E5A080 /* WoosmapGeofencingTests */ = {
			isa = PBXNativeTarget;
			buildConfigurationList = A2C57C5224D95F7A00E5A080 /* Build configuration list for PBXNativeTarget "WoosmapGeofencingTests" */;
			buildPhases = (
				A2C57C4424D95F7A00E5A080 /* Sources */,
				A2C57C4524D95F7A00E5A080 /* Frameworks */,
				A2C57C4624D95F7A00E5A080 /* Resources */,
			);
			buildRules = (
			);
			dependencies = (
				A2C57C4F24D95F7A00E5A080 /* PBXTargetDependency */,
			);
			name = WoosmapGeofencingTests;
			productName = WoosmapGeofencingTests;
			productReference = A2C57C4824D95F7A00E5A080 /* WoosmapGeofencingTests.xctest */;
			productType = "com.apple.product-type.bundle.unit-test";
		};
/* End PBXNativeTarget section */

/* Begin PBXProject section */
		A216FBA023E9CEA70003AAC8 /* Project object */ = {
			isa = PBXProject;
			attributes = {
				LastSwiftUpdateCheck = 1130;
				LastUpgradeCheck = 1200;
				ORGANIZATIONNAME = "Web Geo Services";
				TargetAttributes = {
					A216FBA823E9CEA70003AAC8 = {
						CreatedOnToolsVersion = 11.3.1;
						LastSwiftMigration = 1130;
					};
					A2C57C4724D95F7A00E5A080 = {
						CreatedOnToolsVersion = 11.3.1;
						LastSwiftMigration = 1130;
					};
				};
			};
			buildConfigurationList = A216FBA323E9CEA70003AAC8 /* Build configuration list for PBXProject "WoosmapGeofencing" */;
			compatibilityVersion = "Xcode 9.3";
			developmentRegion = en;
			hasScannedForEncodings = 0;
			knownRegions = (
				en,
				Base,
			);
			mainGroup = A216FB9F23E9CEA70003AAC8;
			packageReferences = (
				A2245473247D591800A0B8B0 /* XCRemoteSwiftPackageReference "Surge" */,
				A2710EDE25B5C87700AF62F5 /* XCRemoteSwiftPackageReference "realm-cocoa" */,
			);
			productRefGroup = A216FBAA23E9CEA70003AAC8 /* Products */;
			projectDirPath = "";
			projectRoot = "";
			targets = (
				A216FBA823E9CEA70003AAC8 /* WoosmapGeofencing */,
				A2C57C4724D95F7A00E5A080 /* WoosmapGeofencingTests */,
			);
		};
/* End PBXProject section */

/* Begin PBXResourcesBuildPhase section */
		A216FBA723E9CEA70003AAC8 /* Resources */ = {
			isa = PBXResourcesBuildPhase;
			buildActionMask = 2147483647;
			files = (
				A2A8FB4026B1AC4600A0C848 /* liveTracking.json in Resources */,
			);
			runOnlyForDeploymentPostprocessing = 0;
		};
		A2C57C4624D95F7A00E5A080 /* Resources */ = {
			isa = PBXResourcesBuildPhase;
			buildActionMask = 2147483647;
			files = (
			);
			runOnlyForDeploymentPostprocessing = 0;
		};
/* End PBXResourcesBuildPhase section */

/* Begin PBXSourcesBuildPhase section */
		A216FBA523E9CEA70003AAC8 /* Sources */ = {
			isa = PBXSourcesBuildPhase;
			buildActionMask = 2147483647;
			files = (
				A262B9D724E29B0000EB621F /* SearchAPiJson.swift in Sources */,
				A2710EEB25B5C8C400AF62F5 /* POI.swift in Sources */,
				A2B5187A25545E48003B7C19 /* DistanceAPIJsonswift.swift in Sources */,
				A2A8FB3E26B1AB9F00A0C848 /* ConfigModel.swift in Sources */,
				A262B9D524E29B0000EB621F /* FIGMM.swift in Sources */,
				A2710EEF25B5C9D100AF62F5 /* ZOI.swift in Sources */,
				A2710EFB25B5CB3500AF62F5 /* Region.swift in Sources */,
				A26E645D25B9865800EDBA72 /* DataCleaner.swift in Sources */,
				A262B9DA24E29B0000EB621F /* Settings.swift in Sources */,
				A2BAB7B926774A1F00AA4E80 /* JSONGeneric.swift in Sources */,
				A262B9D624E29B0000EB621F /* WoosmapGeofencing.swift in Sources */,
				A262B9D424E29B0000EB621F /* Monitor.swift in Sources */,
				A262B9D824E29B0000EB621F /* RegionGenerator.swift in Sources */,
				A2710EF325B5CA7C00AF62F5 /* Visit.swift in Sources */,
				A2710EF725B5CADE00AF62F5 /* Location.swift in Sources */,
				A262B9DB24E29B0000EB621F /* ZOIQualifiers.swift in Sources */,
			);
			runOnlyForDeploymentPostprocessing = 0;
		};
		A2C57C4424D95F7A00E5A080 /* Sources */ = {
			isa = PBXSourcesBuildPhase;
			buildActionMask = 2147483647;
			files = (
				A26E646125B98BDD00EDBA72 /* DelayDataDurationTests.swift in Sources */,
				A262B9C824E29ADF00EB621F /* FIGMMCreatorTests.swift in Sources */,
				A2DDC91B25C86B0C00C90486 /* DatabaseTests.swift in Sources */,
				A262B9C924E29ADF00EB621F /* ZoiQualifierTests.swift in Sources */,
			);
			runOnlyForDeploymentPostprocessing = 0;
		};
/* End PBXSourcesBuildPhase section */

/* Begin PBXTargetDependency section */
		A2C57C4F24D95F7A00E5A080 /* PBXTargetDependency */ = {
			isa = PBXTargetDependency;
			target = A216FBA823E9CEA70003AAC8 /* WoosmapGeofencing */;
			targetProxy = A2C57C4E24D95F7A00E5A080 /* PBXContainerItemProxy */;
		};
/* End PBXTargetDependency section */

/* Begin XCBuildConfiguration section */
		A216FBAF23E9CEA70003AAC8 /* Debug */ = {
			isa = XCBuildConfiguration;
			buildSettings = {
				ALWAYS_SEARCH_USER_PATHS = NO;
				CLANG_ANALYZER_NONNULL = YES;
				CLANG_ANALYZER_NUMBER_OBJECT_CONVERSION = YES_AGGRESSIVE;
				CLANG_CXX_LANGUAGE_STANDARD = "gnu++14";
				CLANG_CXX_LIBRARY = "libc++";
				CLANG_ENABLE_MODULES = YES;
				CLANG_ENABLE_OBJC_ARC = YES;
				CLANG_ENABLE_OBJC_WEAK = YES;
				CLANG_WARN_BLOCK_CAPTURE_AUTORELEASING = YES;
				CLANG_WARN_BOOL_CONVERSION = YES;
				CLANG_WARN_COMMA = YES;
				CLANG_WARN_CONSTANT_CONVERSION = YES;
				CLANG_WARN_DEPRECATED_OBJC_IMPLEMENTATIONS = YES;
				CLANG_WARN_DIRECT_OBJC_ISA_USAGE = YES_ERROR;
				CLANG_WARN_DOCUMENTATION_COMMENTS = YES;
				CLANG_WARN_EMPTY_BODY = YES;
				CLANG_WARN_ENUM_CONVERSION = YES;
				CLANG_WARN_INFINITE_RECURSION = YES;
				CLANG_WARN_INT_CONVERSION = YES;
				CLANG_WARN_NON_LITERAL_NULL_CONVERSION = YES;
				CLANG_WARN_OBJC_IMPLICIT_RETAIN_SELF = YES;
				CLANG_WARN_OBJC_LITERAL_CONVERSION = YES;
				CLANG_WARN_OBJC_ROOT_CLASS = YES_ERROR;
				CLANG_WARN_QUOTED_INCLUDE_IN_FRAMEWORK_HEADER = YES;
				CLANG_WARN_RANGE_LOOP_ANALYSIS = YES;
				CLANG_WARN_STRICT_PROTOTYPES = YES;
				CLANG_WARN_SUSPICIOUS_MOVE = YES;
				CLANG_WARN_UNGUARDED_AVAILABILITY = YES_AGGRESSIVE;
				CLANG_WARN_UNREACHABLE_CODE = YES;
				CLANG_WARN__DUPLICATE_METHOD_MATCH = YES;
				COPY_PHASE_STRIP = NO;
				CURRENT_PROJECT_VERSION = 1;
				DEBUG_INFORMATION_FORMAT = dwarf;
				ENABLE_STRICT_OBJC_MSGSEND = YES;
				ENABLE_TESTABILITY = YES;
				GCC_C_LANGUAGE_STANDARD = gnu11;
				GCC_DYNAMIC_NO_PIC = NO;
				GCC_NO_COMMON_BLOCKS = YES;
				GCC_OPTIMIZATION_LEVEL = 0;
				GCC_PREPROCESSOR_DEFINITIONS = (
					"DEBUG=1",
					"$(inherited)",
				);
				GCC_WARN_64_TO_32_BIT_CONVERSION = YES;
				GCC_WARN_ABOUT_RETURN_TYPE = YES_ERROR;
				GCC_WARN_UNDECLARED_SELECTOR = YES;
				GCC_WARN_UNINITIALIZED_AUTOS = YES_AGGRESSIVE;
				GCC_WARN_UNUSED_FUNCTION = YES;
				GCC_WARN_UNUSED_VARIABLE = YES;
				IPHONEOS_DEPLOYMENT_TARGET = 12.0;
				MTL_ENABLE_DEBUG_INFO = INCLUDE_SOURCE;
				MTL_FAST_MATH = YES;
				ONLY_ACTIVE_ARCH = YES;
				SDKROOT = iphoneos;
				SWIFT_ACTIVE_COMPILATION_CONDITIONS = DEBUG;
				SWIFT_OPTIMIZATION_LEVEL = "-Onone";
				VERSIONING_SYSTEM = "apple-generic";
				VERSION_INFO_PREFIX = "";
			};
			name = Debug;
		};
		A216FBB023E9CEA70003AAC8 /* Release */ = {
			isa = XCBuildConfiguration;
			buildSettings = {
				ALWAYS_SEARCH_USER_PATHS = NO;
				CLANG_ANALYZER_NONNULL = YES;
				CLANG_ANALYZER_NUMBER_OBJECT_CONVERSION = YES_AGGRESSIVE;
				CLANG_CXX_LANGUAGE_STANDARD = "gnu++14";
				CLANG_CXX_LIBRARY = "libc++";
				CLANG_ENABLE_MODULES = YES;
				CLANG_ENABLE_OBJC_ARC = YES;
				CLANG_ENABLE_OBJC_WEAK = YES;
				CLANG_WARN_BLOCK_CAPTURE_AUTORELEASING = YES;
				CLANG_WARN_BOOL_CONVERSION = YES;
				CLANG_WARN_COMMA = YES;
				CLANG_WARN_CONSTANT_CONVERSION = YES;
				CLANG_WARN_DEPRECATED_OBJC_IMPLEMENTATIONS = YES;
				CLANG_WARN_DIRECT_OBJC_ISA_USAGE = YES_ERROR;
				CLANG_WARN_DOCUMENTATION_COMMENTS = YES;
				CLANG_WARN_EMPTY_BODY = YES;
				CLANG_WARN_ENUM_CONVERSION = YES;
				CLANG_WARN_INFINITE_RECURSION = YES;
				CLANG_WARN_INT_CONVERSION = YES;
				CLANG_WARN_NON_LITERAL_NULL_CONVERSION = YES;
				CLANG_WARN_OBJC_IMPLICIT_RETAIN_SELF = YES;
				CLANG_WARN_OBJC_LITERAL_CONVERSION = YES;
				CLANG_WARN_OBJC_ROOT_CLASS = YES_ERROR;
				CLANG_WARN_QUOTED_INCLUDE_IN_FRAMEWORK_HEADER = YES;
				CLANG_WARN_RANGE_LOOP_ANALYSIS = YES;
				CLANG_WARN_STRICT_PROTOTYPES = YES;
				CLANG_WARN_SUSPICIOUS_MOVE = YES;
				CLANG_WARN_UNGUARDED_AVAILABILITY = YES_AGGRESSIVE;
				CLANG_WARN_UNREACHABLE_CODE = YES;
				CLANG_WARN__DUPLICATE_METHOD_MATCH = YES;
				COPY_PHASE_STRIP = NO;
				CURRENT_PROJECT_VERSION = 1;
				DEBUG_INFORMATION_FORMAT = "dwarf-with-dsym";
				ENABLE_NS_ASSERTIONS = NO;
				ENABLE_STRICT_OBJC_MSGSEND = YES;
				GCC_C_LANGUAGE_STANDARD = gnu11;
				GCC_NO_COMMON_BLOCKS = YES;
				GCC_WARN_64_TO_32_BIT_CONVERSION = YES;
				GCC_WARN_ABOUT_RETURN_TYPE = YES_ERROR;
				GCC_WARN_UNDECLARED_SELECTOR = YES;
				GCC_WARN_UNINITIALIZED_AUTOS = YES_AGGRESSIVE;
				GCC_WARN_UNUSED_FUNCTION = YES;
				GCC_WARN_UNUSED_VARIABLE = YES;
				IPHONEOS_DEPLOYMENT_TARGET = 12.0;
				MTL_ENABLE_DEBUG_INFO = NO;
				MTL_FAST_MATH = YES;
				SDKROOT = iphoneos;
				SWIFT_COMPILATION_MODE = wholemodule;
				SWIFT_OPTIMIZATION_LEVEL = "-O";
				VALIDATE_PRODUCT = YES;
				VERSIONING_SYSTEM = "apple-generic";
				VERSION_INFO_PREFIX = "";
			};
			name = Release;
		};
		A216FBB223E9CEA70003AAC8 /* Debug */ = {
			isa = XCBuildConfiguration;
			buildSettings = {
				CLANG_ENABLE_MODULES = YES;
				CODE_SIGN_STYLE = Automatic;
				CURRENT_PROJECT_VERSION = 0;
				DEFINES_MODULE = YES;
				DEVELOPMENT_TEAM = 38H4FA3J9J;
				DYLIB_COMPATIBILITY_VERSION = 1;
				DYLIB_CURRENT_VERSION = 1;
				DYLIB_INSTALL_NAME_BASE = "@rpath";
				INFOPLIST_FILE = "$(SRCROOT)/Sources/WoosmapGeofencing/Info.plist";
				INSTALL_PATH = "$(LOCAL_LIBRARY_DIR)/Frameworks";
				LD_RUNPATH_SEARCH_PATHS = (
					"$(inherited)",
					"@executable_path/Frameworks",
					"@loader_path/Frameworks",
				);
				MARKETING_VERSION = 1.1;
				PRODUCT_BUNDLE_IDENTIFIER = WebGeoServices.WoosmapGeofencing;
				PRODUCT_NAME = "$(TARGET_NAME:c99extidentifier)";
				SKIP_INSTALL = YES;
				SWIFT_OPTIMIZATION_LEVEL = "-Onone";
				SWIFT_VERSION = 5.0;
				TARGETED_DEVICE_FAMILY = "1,2";
			};
			name = Debug;
		};
		A216FBB323E9CEA70003AAC8 /* Release */ = {
			isa = XCBuildConfiguration;
			buildSettings = {
				CLANG_ENABLE_MODULES = YES;
				CODE_SIGN_STYLE = Automatic;
				CURRENT_PROJECT_VERSION = 0;
				DEFINES_MODULE = YES;
				DEVELOPMENT_TEAM = 38H4FA3J9J;
				DYLIB_COMPATIBILITY_VERSION = 1;
				DYLIB_CURRENT_VERSION = 1;
				DYLIB_INSTALL_NAME_BASE = "@rpath";
				INFOPLIST_FILE = "$(SRCROOT)/Sources/WoosmapGeofencing/Info.plist";
				INSTALL_PATH = "$(LOCAL_LIBRARY_DIR)/Frameworks";
				LD_RUNPATH_SEARCH_PATHS = (
					"$(inherited)",
					"@executable_path/Frameworks",
					"@loader_path/Frameworks",
				);
				MARKETING_VERSION = 1.1;
				PRODUCT_BUNDLE_IDENTIFIER = WebGeoServices.WoosmapGeofencing;
				PRODUCT_NAME = "$(TARGET_NAME:c99extidentifier)";
				SKIP_INSTALL = YES;
				SWIFT_VERSION = 5.0;
				TARGETED_DEVICE_FAMILY = "1,2";
			};
			name = Release;
		};
		A2C57C5024D95F7A00E5A080 /* Debug */ = {
			isa = XCBuildConfiguration;
			buildSettings = {
				ALWAYS_EMBED_SWIFT_STANDARD_LIBRARIES = YES;
				CLANG_ENABLE_MODULES = YES;
				CODE_SIGN_STYLE = Automatic;
				INFOPLIST_FILE = Tests/WoosmapGeofencingTests/Info.plist;
				IPHONEOS_DEPLOYMENT_TARGET = 13.2;
				LD_RUNPATH_SEARCH_PATHS = (
					"$(inherited)",
					"@executable_path/Frameworks",
					"@loader_path/Frameworks",
				);
				PRODUCT_BUNDLE_IDENTIFIER = WebGeoServices.WoosmapGeofencingTests;
				PRODUCT_NAME = "$(TARGET_NAME)";
				SWIFT_INSTALL_OBJC_HEADER = YES;
				SWIFT_OPTIMIZATION_LEVEL = "-Onone";
				SWIFT_VERSION = 5.0;
				TARGETED_DEVICE_FAMILY = "1,2";
			};
			name = Debug;
		};
		A2C57C5124D95F7A00E5A080 /* Release */ = {
			isa = XCBuildConfiguration;
			buildSettings = {
				ALWAYS_EMBED_SWIFT_STANDARD_LIBRARIES = YES;
				CLANG_ENABLE_MODULES = YES;
				CODE_SIGN_STYLE = Automatic;
				INFOPLIST_FILE = Tests/WoosmapGeofencingTests/Info.plist;
				IPHONEOS_DEPLOYMENT_TARGET = 13.2;
				LD_RUNPATH_SEARCH_PATHS = (
					"$(inherited)",
					"@executable_path/Frameworks",
					"@loader_path/Frameworks",
				);
				PRODUCT_BUNDLE_IDENTIFIER = WebGeoServices.WoosmapGeofencingTests;
				PRODUCT_NAME = "$(TARGET_NAME)";
				SWIFT_INSTALL_OBJC_HEADER = YES;
				SWIFT_VERSION = 5.0;
				TARGETED_DEVICE_FAMILY = "1,2";
			};
			name = Release;
		};
/* End XCBuildConfiguration section */

/* Begin XCConfigurationList section */
		A216FBA323E9CEA70003AAC8 /* Build configuration list for PBXProject "WoosmapGeofencing" */ = {
			isa = XCConfigurationList;
			buildConfigurations = (
				A216FBAF23E9CEA70003AAC8 /* Debug */,
				A216FBB023E9CEA70003AAC8 /* Release */,
			);
			defaultConfigurationIsVisible = 0;
			defaultConfigurationName = Release;
		};
		A216FBB123E9CEA70003AAC8 /* Build configuration list for PBXNativeTarget "WoosmapGeofencing" */ = {
			isa = XCConfigurationList;
			buildConfigurations = (
				A216FBB223E9CEA70003AAC8 /* Debug */,
				A216FBB323E9CEA70003AAC8 /* Release */,
			);
			defaultConfigurationIsVisible = 0;
			defaultConfigurationName = Release;
		};
		A2C57C5224D95F7A00E5A080 /* Build configuration list for PBXNativeTarget "WoosmapGeofencingTests" */ = {
			isa = XCConfigurationList;
			buildConfigurations = (
				A2C57C5024D95F7A00E5A080 /* Debug */,
				A2C57C5124D95F7A00E5A080 /* Release */,
			);
			defaultConfigurationIsVisible = 0;
			defaultConfigurationName = Release;
		};
/* End XCConfigurationList section */

/* Begin XCRemoteSwiftPackageReference section */
		A2245473247D591800A0B8B0 /* XCRemoteSwiftPackageReference "Surge" */ = {
			isa = XCRemoteSwiftPackageReference;
			repositoryURL = "https://github.com/Jounce/Surge.git";
			requirement = {
				kind = exactVersion;
				version = 2.3.0;
			};
		};
		A2710EDE25B5C87700AF62F5 /* XCRemoteSwiftPackageReference "realm-cocoa" */ = {
			isa = XCRemoteSwiftPackageReference;
			repositoryURL = "https://github.com/realm/realm-cocoa";
			requirement = {
				kind = upToNextMajorVersion;
				minimumVersion = 10.8.1;
			};
		};
/* End XCRemoteSwiftPackageReference section */

/* Begin XCSwiftPackageProductDependency section */
		A2245474247D591800A0B8B0 /* Surge */ = {
			isa = XCSwiftPackageProductDependency;
			package = A2245473247D591800A0B8B0 /* XCRemoteSwiftPackageReference "Surge" */;
			productName = Surge;
		};
		A2710EDF25B5C87700AF62F5 /* Realm */ = {
			isa = XCSwiftPackageProductDependency;
			package = A2710EDE25B5C87700AF62F5 /* XCRemoteSwiftPackageReference "realm-cocoa" */;
			productName = Realm;
		};
		A2710EE125B5C87700AF62F5 /* RealmSwift */ = {
			isa = XCSwiftPackageProductDependency;
			package = A2710EDE25B5C87700AF62F5 /* XCRemoteSwiftPackageReference "realm-cocoa" */;
			productName = RealmSwift;
		};
/* End XCSwiftPackageProductDependency section */
	};
	rootObject = A216FBA023E9CEA70003AAC8 /* Project object */;
}
